{
  "name": "@pastash/command_cryptojson",
  "version": "1.0.0",
  "lockfileVersion": 1,
  "requires": true,
  "dependencies": {
    "crypto-json": {
      "version": "2.0.2",
      "resolved": "https://registry.npmjs.org/crypto-json/-/crypto-json-2.0.2.tgz",
      "integrity": "sha512-LRLJyAqG58g9cnm9S190ftyz3wq9YwDQVOqYcjuess1gQ+kwm46qzwd9hWzKgCxhZ1ScIP9SVPq0KY1AMWkqwQ=="
    }
  }
}
