{
  "name": "@pastash/command_cryptofile",
  "version": "1.0.0",
  "lockfileVersion": 1,
  "requires": true,
  "dependencies": {
    "file-encryptor": {
      "version": "0.1.1",
      "resolved": "https://registry.npmjs.org/file-encryptor/-/file-encryptor-0.1.1.tgz",
      "integrity": "sha1-UGpauhU8wQmUPDj9RFUGqEVXuf4="
    }
  }
}
